
Microsoft Visual Studio Solution File, Format Version 12.00
# Visual Studio Version 17
VisualStudioVersion = 17.3.32901.215
MinimumVisualStudioVersion = 10.0.40219.1
Project("{9A19103F-16F7-4668-BE54-9A1E7A4F7556}") = "Calculator", "Calculator\Calculator.csproj", "{F455A773-5FAF-4226-9692-ABF360A7B192}"
EndProject
Project("{FAE04EC0-301F-11D3-BF4B-00C04F79EFBC}") = "Calculator.Tests", "Calculator.Tests\Calculator.Tests.csproj", "{4AB3ECC6-DF25-4D9B-98F3-221B87F7C525}"
EndProject
Global
	GlobalSection(SolutionConfigurationPlatforms) = preSolution
		Debug|Any CPU = Debug|Any CPU
		Release|Any CPU = Release|Any CPU
	EndGlobalSection
	GlobalSection(ProjectConfigurationPlatforms) = postSolution
		{F455A773-5FAF-4226-9692-ABF360A7B192}.Debug|Any CPU.ActiveCfg = Debug|Any CPU
		{F455A773-5FAF-4226-9692-ABF360A7B192}.Debug|Any CPU.Build.0 = Debug|Any CPU
		{F455A773-5FAF-4226-9692-ABF360A7B192}.Release|Any CPU.ActiveCfg = Release|Any CPU
		{F455A773-5FAF-4226-9692-ABF360A7B192}.Release|Any CPU.Build.0 = Release|Any CPU
		{4AB3ECC6-DF25-4D9B-98F3-221B87F7C525}.Debug|Any CPU.ActiveCfg = Debug|Any CPU
		{4AB3ECC6-DF25-4D9B-98F3-221B87F7C525}.Debug|Any CPU.Build.0 = Debug|Any CPU
		{4AB3ECC6-DF25-4D9B-98F3-221B87F7C525}.Release|Any CPU.ActiveCfg = Release|Any CPU
		{4AB3ECC6-DF25-4D9B-98F3-221B87F7C525}.Release|Any CPU.Build.0 = Release|Any CPU
	EndGlobalSection
	GlobalSection(SolutionProperties) = preSolution
		HideSolutionNode = FALSE
	EndGlobalSection
	GlobalSection(ExtensibilityGlobals) = postSolution
		SolutionGuid = {C38ADA52-577C-472F-AA8C-E1A3A91D5FC9}
	EndGlobalSection
EndGlobal
